// !$*UTF8*$!
{
	archiveVersion = 1;
	classes = {
	};
	objectVersion = 55;
	objects = {

/* Begin PBXBuildFile section */
		160942BE283E27CA005FB9F2 /* PhotoPopupViewController.swift in Sources */ = {isa = PBXBuildFile; fileRef = 160942BD283E27CA005FB9F2 /* PhotoPopupViewController.swift */; };
		160CBC4D2832C0CB00FAB688 /* ProductRegistrationViewController.swift in Sources */ = {isa = PBXBuildFile; fileRef = 160CBC4C2832C0CB00FAB688 /* ProductRegistrationViewController.swift */; };
		16140911284CF16600E5D490 /* UIViewController + Extension.swift in Sources */ = {isa = PBXBuildFile; fileRef = 16140910284CF16600E5D490 /* UIViewController + Extension.swift */; };
		161FCF5228338D9C0000A15C /* ProductListTableViewCell.swift in Sources */ = {isa = PBXBuildFile; fileRef = 161FCF5128338D9C0000A15C /* ProductListTableViewCell.swift */; };
		161FCF542833BA6C0000A15C /* AddPhotosCollectionViewCell.swift in Sources */ = {isa = PBXBuildFile; fileRef = 161FCF532833BA6C0000A15C /* AddPhotosCollectionViewCell.swift */; };
		162C72EC282A75C6008C05C6 /* NicknameConfigureViewController.swift in Sources */ = {isa = PBXBuildFile; fileRef = 162C72EB282A75C6008C05C6 /* NicknameConfigureViewController.swift */; };
		166F075E28338C6F0011EC3B /* PhotosCollectionViewCell.swift in Sources */ = {isa = PBXBuildFile; fileRef = 166F075D28338C6F0011EC3B /* PhotosCollectionViewCell.swift */; };
		166F1CEA2844B8690073CF45 /* OtherProductCollectionViewCell.swift in Sources */ = {isa = PBXBuildFile; fileRef = 166F1CE92844B8690073CF45 /* OtherProductCollectionViewCell.swift */; };
		168371E5284E64C500DB1712 /* NSData+Extention.swift in Sources */ = {isa = PBXBuildFile; fileRef = 168371E4284E64C500DB1712 /* NSData+Extention.swift */; };
		169C4441284C597B0096E7EE /* GoogleService-Info.plist in Resources */ = {isa = PBXBuildFile; fileRef = 169C4440284C597B0096E7EE /* GoogleService-Info.plist */; };
		169CF883284F5B45002A86BC /* AddProductPopupViewController.swift in Sources */ = {isa = PBXBuildFile; fileRef = 169CF882284F5B45002A86BC /* AddProductPopupViewController.swift */; };
		169CF885284FA68F002A86BC /* ZoomImageViewController.swift in Sources */ = {isa = PBXBuildFile; fileRef = 169CF884284FA68F002A86BC /* ZoomImageViewController.swift */; };
		169D2B9B2831671000198CD9 /* Login.storyboard in Resources */ = {isa = PBXBuildFile; fileRef = 169D2B9A2831671000198CD9 /* Login.storyboard */; };
		169D2B9E2831683B00198CD9 /* ProductList.storyboard in Resources */ = {isa = PBXBuildFile; fileRef = 169D2B9D2831683B00198CD9 /* ProductList.storyboard */; };
		16B79CB52834220E0090420B /* FireStorageManager.swift in Sources */ = {isa = PBXBuildFile; fileRef = 16B79CB42834220E0090420B /* FireStorageManager.swift */; };
		16B79CB92834FFF80090420B /* Chatting.storyboard in Resources */ = {isa = PBXBuildFile; fileRef = 16B79CB82834FFF70090420B /* Chatting.storyboard */; };
		16B79CBB283500020090420B /* MyInfo.storyboard in Resources */ = {isa = PBXBuildFile; fileRef = 16B79CBA283500020090420B /* MyInfo.storyboard */; };
		16C54DB5282AEA8C00917504 /* CategoryViewController.swift in Sources */ = {isa = PBXBuildFile; fileRef = 16C54DB4282AEA8C00917504 /* CategoryViewController.swift */; };
		16C54DC5282BB26600917504 /* ProductRegistrationModel.swift in Sources */ = {isa = PBXBuildFile; fileRef = 16C54DC4282BB26600917504 /* ProductRegistrationModel.swift */; };
		16C54DCB282CCFD400917504 /* CategoryModel.swift in Sources */ = {isa = PBXBuildFile; fileRef = 16C54DCA282CCFD400917504 /* CategoryModel.swift */; };
		16C54DCD282CECF800917504 /* NotificationName.swift in Sources */ = {isa = PBXBuildFile; fileRef = 16C54DCC282CECF800917504 /* NotificationName.swift */; };
		16C54DCF282CFAC700917504 /* User.plist in Resources */ = {isa = PBXBuildFile; fileRef = 16C54DCE282CFAC700917504 /* User.plist */; };
		16CCA767284CF71700A0B348 /* ProductDetailViewController.swift in Sources */ = {isa = PBXBuildFile; fileRef = 16CCA766284CF71700A0B348 /* ProductDetailViewController.swift */; };
		16CCA769284E13CD00A0B348 /* PHAsset+Extention.swift in Sources */ = {isa = PBXBuildFile; fileRef = 16CCA768284E13CD00A0B348 /* PHAsset+Extention.swift */; };
		16CCA76B284E202100A0B348 /* String+Extention.swift in Sources */ = {isa = PBXBuildFile; fileRef = 16CCA76A284E202100A0B348 /* String+Extention.swift */; };
		16E4A9C5282798D90061D6AC /* AppDelegate.swift in Sources */ = {isa = PBXBuildFile; fileRef = 16E4A9C4282798D90061D6AC /* AppDelegate.swift */; };
		16E4A9C7282798D90061D6AC /* SceneDelegate.swift in Sources */ = {isa = PBXBuildFile; fileRef = 16E4A9C6282798D90061D6AC /* SceneDelegate.swift */; };
		16E4A9C9282798D90061D6AC /* MainViewController.swift in Sources */ = {isa = PBXBuildFile; fileRef = 16E4A9C8282798D90061D6AC /* MainViewController.swift */; };
		16E4A9CC282798D90061D6AC /* Tabbar.storyboard in Resources */ = {isa = PBXBuildFile; fileRef = 16E4A9CA282798D90061D6AC /* Tabbar.storyboard */; };
		16E4A9CE282798DC0061D6AC /* Assets.xcassets in Resources */ = {isa = PBXBuildFile; fileRef = 16E4A9CD282798DC0061D6AC /* Assets.xcassets */; };
		16E4A9D1282798DC0061D6AC /* LaunchScreen.storyboard in Resources */ = {isa = PBXBuildFile; fileRef = 16E4A9CF282798DC0061D6AC /* LaunchScreen.storyboard */; };
		16E4A9DA28279BB80061D6AC /* LoginViewController.swift in Sources */ = {isa = PBXBuildFile; fileRef = 16E4A9D928279BB80061D6AC /* LoginViewController.swift */; };
		16E4A9DD28279C670061D6AC /* RegionListViewController.swift in Sources */ = {isa = PBXBuildFile; fileRef = 16E4A9DC28279C670061D6AC /* RegionListViewController.swift */; };
		16E4A9E028279CBB0061D6AC /* LocationManager.swift in Sources */ = {isa = PBXBuildFile; fileRef = 16E4A9DF28279CBB0061D6AC /* LocationManager.swift */; };
		16E4A9E32827BB9B0061D6AC /* AuthPhoneNumberViewController.swift in Sources */ = {isa = PBXBuildFile; fileRef = 16E4A9E22827BB9B0061D6AC /* AuthPhoneNumberViewController.swift */; };
		16E4A9E52827BC300061D6AC /* RegionModel.swift in Sources */ = {isa = PBXBuildFile; fileRef = 16E4A9E42827BC300061D6AC /* RegionModel.swift */; };
		16E4A9EC282910E40061D6AC /* UserModel.swift in Sources */ = {isa = PBXBuildFile; fileRef = 16E4A9EB282910E40061D6AC /* UserModel.swift */; };
		4DA20DC152A7E25DD814BB38 /* Pods_Danggeun_Clone.framework in Frameworks */ = {isa = PBXBuildFile; fileRef = 8097474BF75A91AF7FCFF043 /* Pods_Danggeun_Clone.framework */; };
/* End PBXBuildFile section */

/* Begin PBXFileReference section */
		160942BD283E27CA005FB9F2 /* PhotoPopupViewController.swift */ = {isa = PBXFileReference; lastKnownFileType = sourcecode.swift; path = PhotoPopupViewController.swift; sourceTree = "<group>"; };
		160CBC4C2832C0CB00FAB688 /* ProductRegistrationViewController.swift */ = {isa = PBXFileReference; lastKnownFileType = sourcecode.swift; path = ProductRegistrationViewController.swift; sourceTree = "<group>"; };
		16140910284CF16600E5D490 /* UIViewController + Extension.swift */ = {isa = PBXFileReference; lastKnownFileType = sourcecode.swift; path = "UIViewController + Extension.swift"; sourceTree = "<group>"; };
		161FCF5128338D9C0000A15C /* ProductListTableViewCell.swift */ = {isa = PBXFileReference; lastKnownFileType = sourcecode.swift; path = ProductListTableViewCell.swift; sourceTree = "<group>"; };
		161FCF532833BA6C0000A15C /* AddPhotosCollectionViewCell.swift */ = {isa = PBXFileReference; lastKnownFileType = sourcecode.swift; path = AddPhotosCollectionViewCell.swift; sourceTree = "<group>"; };
		162C72EB282A75C6008C05C6 /* NicknameConfigureViewController.swift */ = {isa = PBXFileReference; lastKnownFileType = sourcecode.swift; path = NicknameConfigureViewController.swift; sourceTree = "<group>"; };
		166F075D28338C6F0011EC3B /* PhotosCollectionViewCell.swift */ = {isa = PBXFileReference; lastKnownFileType = sourcecode.swift; path = PhotosCollectionViewCell.swift; sourceTree = "<group>"; };
		166F1CE92844B8690073CF45 /* OtherProductCollectionViewCell.swift */ = {isa = PBXFileReference; lastKnownFileType = sourcecode.swift; path = OtherProductCollectionViewCell.swift; sourceTree = "<group>"; };
		168371E4284E64C500DB1712 /* NSData+Extention.swift */ = {isa = PBXFileReference; lastKnownFileType = sourcecode.swift; path = "NSData+Extention.swift"; sourceTree = "<group>"; };
		169C4440284C597B0096E7EE /* GoogleService-Info.plist */ = {isa = PBXFileReference; fileEncoding = 4; lastKnownFileType = text.plist.xml; path = "GoogleService-Info.plist"; sourceTree = "<group>"; };
		169CF882284F5B45002A86BC /* AddProductPopupViewController.swift */ = {isa = PBXFileReference; lastKnownFileType = sourcecode.swift; path = AddProductPopupViewController.swift; sourceTree = "<group>"; };
		169CF884284FA68F002A86BC /* ZoomImageViewController.swift */ = {isa = PBXFileReference; lastKnownFileType = sourcecode.swift; path = ZoomImageViewController.swift; sourceTree = "<group>"; };
		169D2B9A2831671000198CD9 /* Login.storyboard */ = {isa = PBXFileReference; lastKnownFileType = file.storyboard; path = Login.storyboard; sourceTree = "<group>"; };
		169D2B9D2831683B00198CD9 /* ProductList.storyboard */ = {isa = PBXFileReference; lastKnownFileType = file.storyboard; path = ProductList.storyboard; sourceTree = "<group>"; };
		16B79CB42834220E0090420B /* FireStorageManager.swift */ = {isa = PBXFileReference; lastKnownFileType = sourcecode.swift; path = FireStorageManager.swift; sourceTree = "<group>"; };
		16B79CB82834FFF70090420B /* Chatting.storyboard */ = {isa = PBXFileReference; lastKnownFileType = file.storyboard; path = Chatting.storyboard; sourceTree = "<group>"; };
		16B79CBA283500020090420B /* MyInfo.storyboard */ = {isa = PBXFileReference; lastKnownFileType = file.storyboard; path = MyInfo.storyboard; sourceTree = "<group>"; };
		16C54DB4282AEA8C00917504 /* CategoryViewController.swift */ = {isa = PBXFileReference; lastKnownFileType = sourcecode.swift; path = CategoryViewController.swift; sourceTree = "<group>"; };
		16C54DC4282BB26600917504 /* ProductRegistrationModel.swift */ = {isa = PBXFileReference; lastKnownFileType = sourcecode.swift; path = ProductRegistrationModel.swift; sourceTree = "<group>"; };
		16C54DCA282CCFD400917504 /* CategoryModel.swift */ = {isa = PBXFileReference; lastKnownFileType = sourcecode.swift; path = CategoryModel.swift; sourceTree = "<group>"; };
		16C54DCC282CECF800917504 /* NotificationName.swift */ = {isa = PBXFileReference; lastKnownFileType = sourcecode.swift; path = NotificationName.swift; sourceTree = "<group>"; };
		16C54DCE282CFAC700917504 /* User.plist */ = {isa = PBXFileReference; lastKnownFileType = text.plist.xml; path = User.plist; sourceTree = "<group>"; };
		16CCA766284CF71700A0B348 /* ProductDetailViewController.swift */ = {isa = PBXFileReference; lastKnownFileType = sourcecode.swift; path = ProductDetailViewController.swift; sourceTree = "<group>"; };
		16CCA768284E13CD00A0B348 /* PHAsset+Extention.swift */ = {isa = PBXFileReference; lastKnownFileType = sourcecode.swift; path = "PHAsset+Extention.swift"; sourceTree = "<group>"; };
		16CCA76A284E202100A0B348 /* String+Extention.swift */ = {isa = PBXFileReference; lastKnownFileType = sourcecode.swift; path = "String+Extention.swift"; sourceTree = "<group>"; };
		16E4A9C1282798D90061D6AC /* Danggeun_Clone.app */ = {isa = PBXFileReference; explicitFileType = wrapper.application; includeInIndex = 0; path = Danggeun_Clone.app; sourceTree = BUILT_PRODUCTS_DIR; };
		16E4A9C4282798D90061D6AC /* AppDelegate.swift */ = {isa = PBXFileReference; lastKnownFileType = sourcecode.swift; path = AppDelegate.swift; sourceTree = "<group>"; };
		16E4A9C6282798D90061D6AC /* SceneDelegate.swift */ = {isa = PBXFileReference; lastKnownFileType = sourcecode.swift; path = SceneDelegate.swift; sourceTree = "<group>"; };
		16E4A9C8282798D90061D6AC /* MainViewController.swift */ = {isa = PBXFileReference; lastKnownFileType = sourcecode.swift; path = MainViewController.swift; sourceTree = "<group>"; };
		16E4A9CB282798D90061D6AC /* Base */ = {isa = PBXFileReference; lastKnownFileType = file.storyboard; name = Base; path = Base.lproj/Tabbar.storyboard; sourceTree = "<group>"; };
		16E4A9CD282798DC0061D6AC /* Assets.xcassets */ = {isa = PBXFileReference; lastKnownFileType = folder.assetcatalog; path = Assets.xcassets; sourceTree = "<group>"; };
		16E4A9D0282798DC0061D6AC /* Base */ = {isa = PBXFileReference; lastKnownFileType = file.storyboard; name = Base; path = Base.lproj/LaunchScreen.storyboard; sourceTree = "<group>"; };
		16E4A9D2282798DC0061D6AC /* Info.plist */ = {isa = PBXFileReference; lastKnownFileType = text.plist.xml; path = Info.plist; sourceTree = "<group>"; };
		16E4A9D928279BB80061D6AC /* LoginViewController.swift */ = {isa = PBXFileReference; lastKnownFileType = sourcecode.swift; path = LoginViewController.swift; sourceTree = "<group>"; };
		16E4A9DC28279C670061D6AC /* RegionListViewController.swift */ = {isa = PBXFileReference; lastKnownFileType = sourcecode.swift; path = RegionListViewController.swift; sourceTree = "<group>"; };
		16E4A9DF28279CBB0061D6AC /* LocationManager.swift */ = {isa = PBXFileReference; lastKnownFileType = sourcecode.swift; path = LocationManager.swift; sourceTree = "<group>"; };
		16E4A9E22827BB9B0061D6AC /* AuthPhoneNumberViewController.swift */ = {isa = PBXFileReference; lastKnownFileType = sourcecode.swift; path = AuthPhoneNumberViewController.swift; sourceTree = "<group>"; };
		16E4A9E42827BC300061D6AC /* RegionModel.swift */ = {isa = PBXFileReference; lastKnownFileType = sourcecode.swift; path = RegionModel.swift; sourceTree = "<group>"; };
		16E4A9EB282910E40061D6AC /* UserModel.swift */ = {isa = PBXFileReference; lastKnownFileType = sourcecode.swift; path = UserModel.swift; sourceTree = "<group>"; };
		16F2375928291816005EC250 /* Danggeun_Clone.entitlements */ = {isa = PBXFileReference; lastKnownFileType = text.plist.entitlements; path = Danggeun_Clone.entitlements; sourceTree = "<group>"; };
		47446A6A2C768BFBB8949F0C /* Pods-Danggeun_Clone.release.xcconfig */ = {isa = PBXFileReference; includeInIndex = 1; lastKnownFileType = text.xcconfig; name = "Pods-Danggeun_Clone.release.xcconfig"; path = "Target Support Files/Pods-Danggeun_Clone/Pods-Danggeun_Clone.release.xcconfig"; sourceTree = "<group>"; };
		8097474BF75A91AF7FCFF043 /* Pods_Danggeun_Clone.framework */ = {isa = PBXFileReference; explicitFileType = wrapper.framework; includeInIndex = 0; path = Pods_Danggeun_Clone.framework; sourceTree = BUILT_PRODUCTS_DIR; };
		9C5B965DBDF2FA3875FD2F13 /* Pods-Danggeun_Clone.debug.xcconfig */ = {isa = PBXFileReference; includeInIndex = 1; lastKnownFileType = text.xcconfig; name = "Pods-Danggeun_Clone.debug.xcconfig"; path = "Target Support Files/Pods-Danggeun_Clone/Pods-Danggeun_Clone.debug.xcconfig"; sourceTree = "<group>"; };
/* End PBXFileReference section */

/* Begin PBXFrameworksBuildPhase section */
		16E4A9BE282798D90061D6AC /* Frameworks */ = {
			isa = PBXFrameworksBuildPhase;
			buildActionMask = 2147483647;
			files = (
				4DA20DC152A7E25DD814BB38 /* Pods_Danggeun_Clone.framework in Frameworks */,
			);
			runOnlyForDeploymentPostprocessing = 0;
		};
/* End PBXFrameworksBuildPhase section */

/* Begin PBXGroup section */
		165F9C25285B3D4A00CB386E /* New Group */ = {
			isa = PBXGroup;
			children = (
			);
			path = "New Group";
			sourceTree = "<group>";
		};
		169D2B9C2831682C00198CD9 /* Home */ = {
			isa = PBXGroup;
			children = (
				165F9C25285B3D4A00CB386E /* New Group */,
				16E4A9C8282798D90061D6AC /* MainViewController.swift */,
				160CBC4C2832C0CB00FAB688 /* ProductRegistrationViewController.swift */,
				16C54DB4282AEA8C00917504 /* CategoryViewController.swift */,
				160942BD283E27CA005FB9F2 /* PhotoPopupViewController.swift */,
				16CCA766284CF71700A0B348 /* ProductDetailViewController.swift */,
				169CF882284F5B45002A86BC /* AddProductPopupViewController.swift */,
				169CF884284FA68F002A86BC /* ZoomImageViewController.swift */,
				16C54DC9282BC93300917504 /* Cell */,
				169D2B9D2831683B00198CD9 /* ProductList.storyboard */,
			);
			path = Home;
			sourceTree = "<group>";
		};
		16B79CB62834FFCB0090420B /* Chatting */ = {
			isa = PBXGroup;
			children = (
				16B79CB82834FFF70090420B /* Chatting.storyboard */,
			);
			path = Chatting;
			sourceTree = "<group>";
		};
		16B79CB72834FFDD0090420B /* MyInfo */ = {
			isa = PBXGroup;
			children = (
				16B79CBA283500020090420B /* MyInfo.storyboard */,
			);
			path = MyInfo;
			sourceTree = "<group>";
		};
		16C54DC9282BC93300917504 /* Cell */ = {
			isa = PBXGroup;
			children = (
				161FCF5128338D9C0000A15C /* ProductListTableViewCell.swift */,
				166F075D28338C6F0011EC3B /* PhotosCollectionViewCell.swift */,
				161FCF532833BA6C0000A15C /* AddPhotosCollectionViewCell.swift */,
				166F1CE92844B8690073CF45 /* OtherProductCollectionViewCell.swift */,
			);
			path = Cell;
			sourceTree = "<group>";
		};
		16E4A9B8282798D90061D6AC = {
			isa = PBXGroup;
			children = (
				16E4A9C3282798D90061D6AC /* Danggeun_Clone */,
				16E4A9C2282798D90061D6AC /* Products */,
				383BE83F104D130FE15868E3 /* Pods */,
				5585159E2B2E762CE42389FF /* Frameworks */,
			);
			sourceTree = "<group>";
		};
		16E4A9C2282798D90061D6AC /* Products */ = {
			isa = PBXGroup;
			children = (
				16E4A9C1282798D90061D6AC /* Danggeun_Clone.app */,
			);
			name = Products;
			sourceTree = "<group>";
		};
		16E4A9C3282798D90061D6AC /* Danggeun_Clone */ = {
			isa = PBXGroup;
			children = (
				16F2375928291816005EC250 /* Danggeun_Clone.entitlements */,
				16E4A9EA282910D50061D6AC /* Model */,
				16E4A9DE28279CAB0061D6AC /* Manager */,
				16F762D0283166B700E5C4CD /* Login */,
				169D2B9C2831682C00198CD9 /* Home */,
				16B79CB62834FFCB0090420B /* Chatting */,
				16B79CB72834FFDD0090420B /* MyInfo */,
				16E4A9E72828DB610061D6AC /* Extension */,
				16E4A9C4282798D90061D6AC /* AppDelegate.swift */,
				16E4A9C6282798D90061D6AC /* SceneDelegate.swift */,
				16E4A9CA282798D90061D6AC /* Tabbar.storyboard */,
				16E4A9CD282798DC0061D6AC /* Assets.xcassets */,
				16E4A9CF282798DC0061D6AC /* LaunchScreen.storyboard */,
				16E4A9D2282798DC0061D6AC /* Info.plist */,
				16C54DCE282CFAC700917504 /* User.plist */,
				169C4440284C597B0096E7EE /* GoogleService-Info.plist */,
			);
			path = Danggeun_Clone;
			sourceTree = "<group>";
		};
		16E4A9DE28279CAB0061D6AC /* Manager */ = {
			isa = PBXGroup;
			children = (
				16E4A9DF28279CBB0061D6AC /* LocationManager.swift */,
				16B79CB42834220E0090420B /* FireStorageManager.swift */,
			);
			path = Manager;
			sourceTree = "<group>";
		};
		16E4A9E72828DB610061D6AC /* Extension */ = {
			isa = PBXGroup;
			children = (
				16C54DCC282CECF800917504 /* NotificationName.swift */,
				16140910284CF16600E5D490 /* UIViewController + Extension.swift */,
				16CCA768284E13CD00A0B348 /* PHAsset+Extention.swift */,
				16CCA76A284E202100A0B348 /* String+Extention.swift */,
				168371E4284E64C500DB1712 /* NSData+Extention.swift */,
			);
			path = Extension;
			sourceTree = "<group>";
		};
		16E4A9EA282910D50061D6AC /* Model */ = {
			isa = PBXGroup;
			children = (
				16E4A9EB282910E40061D6AC /* UserModel.swift */,
				16E4A9E42827BC300061D6AC /* RegionModel.swift */,
				16C54DC4282BB26600917504 /* ProductRegistrationModel.swift */,
				16C54DCA282CCFD400917504 /* CategoryModel.swift */,
			);
			path = Model;
			sourceTree = "<group>";
		};
		16F762D0283166B700E5C4CD /* Login */ = {
			isa = PBXGroup;
			children = (
				16E4A9D928279BB80061D6AC /* LoginViewController.swift */,
				16E4A9DC28279C670061D6AC /* RegionListViewController.swift */,
				16E4A9E22827BB9B0061D6AC /* AuthPhoneNumberViewController.swift */,
				162C72EB282A75C6008C05C6 /* NicknameConfigureViewController.swift */,
				169D2B9A2831671000198CD9 /* Login.storyboard */,
			);
			path = Login;
			sourceTree = "<group>";
		};
		383BE83F104D130FE15868E3 /* Pods */ = {
			isa = PBXGroup;
			children = (
				9C5B965DBDF2FA3875FD2F13 /* Pods-Danggeun_Clone.debug.xcconfig */,
				47446A6A2C768BFBB8949F0C /* Pods-Danggeun_Clone.release.xcconfig */,
			);
			path = Pods;
			sourceTree = "<group>";
		};
		5585159E2B2E762CE42389FF /* Frameworks */ = {
			isa = PBXGroup;
			children = (
				8097474BF75A91AF7FCFF043 /* Pods_Danggeun_Clone.framework */,
			);
			name = Frameworks;
			sourceTree = "<group>";
		};
/* End PBXGroup section */

/* Begin PBXNativeTarget section */
		16E4A9C0282798D90061D6AC /* Danggeun_Clone */ = {
			isa = PBXNativeTarget;
			buildConfigurationList = 16E4A9D5282798DC0061D6AC /* Build configuration list for PBXNativeTarget "Danggeun_Clone" */;
			buildPhases = (
				43EE9F5D8A66EB1D7A10F0AB /* [CP] Check Pods Manifest.lock */,
				16E4A9BD282798D90061D6AC /* Sources */,
				16E4A9BE282798D90061D6AC /* Frameworks */,
				16E4A9BF282798D90061D6AC /* Resources */,
				AA69602FCA8214D50A2AE015 /* [CP] Embed Pods Frameworks */,
			);
			buildRules = (
			);
			dependencies = (
			);
			name = Danggeun_Clone;
			productName = Danggeun_Clone;
			productReference = 16E4A9C1282798D90061D6AC /* Danggeun_Clone.app */;
			productType = "com.apple.product-type.application";
		};
/* End PBXNativeTarget section */

/* Begin PBXProject section */
		16E4A9B9282798D90061D6AC /* Project object */ = {
			isa = PBXProject;
			attributes = {
				BuildIndependentTargetsInParallel = 1;
				LastSwiftUpdateCheck = 1330;
				LastUpgradeCheck = 1330;
				TargetAttributes = {
					16E4A9C0282798D90061D6AC = {
						CreatedOnToolsVersion = 13.3.1;
					};
				};
			};
			buildConfigurationList = 16E4A9BC282798D90061D6AC /* Build configuration list for PBXProject "Danggeun_Clone" */;
			compatibilityVersion = "Xcode 13.0";
			developmentRegion = en;
			hasScannedForEncodings = 0;
			knownRegions = (
				en,
				Base,
			);
			mainGroup = 16E4A9B8282798D90061D6AC;
			productRefGroup = 16E4A9C2282798D90061D6AC /* Products */;
			projectDirPath = "";
			projectRoot = "";
			targets = (
				16E4A9C0282798D90061D6AC /* Danggeun_Clone */,
			);
		};
/* End PBXProject section */

/* Begin PBXResourcesBuildPhase section */
		16E4A9BF282798D90061D6AC /* Resources */ = {
			isa = PBXResourcesBuildPhase;
			buildActionMask = 2147483647;
			files = (
				16E4A9D1282798DC0061D6AC /* LaunchScreen.storyboard in Resources */,
				16E4A9CE282798DC0061D6AC /* Assets.xcassets in Resources */,
				169D2B9B2831671000198CD9 /* Login.storyboard in Resources */,
				16E4A9CC282798D90061D6AC /* Tabbar.storyboard in Resources */,
				16B79CB92834FFF80090420B /* Chatting.storyboard in Resources */,
				16C54DCF282CFAC700917504 /* User.plist in Resources */,
				169D2B9E2831683B00198CD9 /* ProductList.storyboard in Resources */,
				169C4441284C597B0096E7EE /* GoogleService-Info.plist in Resources */,
				16B79CBB283500020090420B /* MyInfo.storyboard in Resources */,
			);
			runOnlyForDeploymentPostprocessing = 0;
		};
/* End PBXResourcesBuildPhase section */

/* Begin PBXShellScriptBuildPhase section */
		43EE9F5D8A66EB1D7A10F0AB /* [CP] Check Pods Manifest.lock */ = {
			isa = PBXShellScriptBuildPhase;
			buildActionMask = 2147483647;
			files = (
			);
			inputFileListPaths = (
			);
			inputPaths = (
				"${PODS_PODFILE_DIR_PATH}/Podfile.lock",
				"${PODS_ROOT}/Manifest.lock",
			);
			name = "[CP] Check Pods Manifest.lock";
			outputFileListPaths = (
			);
			outputPaths = (
				"$(DERIVED_FILE_DIR)/Pods-Danggeun_Clone-checkManifestLockResult.txt",
			);
			runOnlyForDeploymentPostprocessing = 0;
			shellPath = /bin/sh;
			shellScript = "diff \"${PODS_PODFILE_DIR_PATH}/Podfile.lock\" \"${PODS_ROOT}/Manifest.lock\" > /dev/null\nif [ $? != 0 ] ; then\n    # print error to STDERR\n    echo \"error: The sandbox is not in sync with the Podfile.lock. Run 'pod install' or update your CocoaPods installation.\" >&2\n    exit 1\nfi\n# This output is used by Xcode 'outputs' to avoid re-running this script phase.\necho \"SUCCESS\" > \"${SCRIPT_OUTPUT_FILE_0}\"\n";
			showEnvVarsInLog = 0;
		};
		AA69602FCA8214D50A2AE015 /* [CP] Embed Pods Frameworks */ = {
			isa = PBXShellScriptBuildPhase;
			buildActionMask = 2147483647;
			files = (
			);
			inputFileListPaths = (
				"${PODS_ROOT}/Target Support Files/Pods-Danggeun_Clone/Pods-Danggeun_Clone-frameworks-${CONFIGURATION}-input-files.xcfilelist",
			);
			name = "[CP] Embed Pods Frameworks";
			outputFileListPaths = (
				"${PODS_ROOT}/Target Support Files/Pods-Danggeun_Clone/Pods-Danggeun_Clone-frameworks-${CONFIGURATION}-output-files.xcfilelist",
			);
			runOnlyForDeploymentPostprocessing = 0;
			shellPath = /bin/sh;
			shellScript = "\"${PODS_ROOT}/Target Support Files/Pods-Danggeun_Clone/Pods-Danggeun_Clone-frameworks.sh\"\n";
			showEnvVarsInLog = 0;
		};
/* End PBXShellScriptBuildPhase section */

/* Begin PBXSourcesBuildPhase section */
		16E4A9BD282798D90061D6AC /* Sources */ = {
			isa = PBXSourcesBuildPhase;
			buildActionMask = 2147483647;
			files = (
				16C54DC5282BB26600917504 /* ProductRegistrationModel.swift in Sources */,
				162C72EC282A75C6008C05C6 /* NicknameConfigureViewController.swift in Sources */,
				16C54DB5282AEA8C00917504 /* CategoryViewController.swift in Sources */,
				166F075E28338C6F0011EC3B /* PhotosCollectionViewCell.swift in Sources */,
				169CF883284F5B45002A86BC /* AddProductPopupViewController.swift in Sources */,
				160942BE283E27CA005FB9F2 /* PhotoPopupViewController.swift in Sources */,
				16C54DCD282CECF800917504 /* NotificationName.swift in Sources */,
				16C54DCB282CCFD400917504 /* CategoryModel.swift in Sources */,
				166F1CEA2844B8690073CF45 /* OtherProductCollectionViewCell.swift in Sources */,
				16E4A9DA28279BB80061D6AC /* LoginViewController.swift in Sources */,
				16140911284CF16600E5D490 /* UIViewController + Extension.swift in Sources */,
				16E4A9C9282798D90061D6AC /* MainViewController.swift in Sources */,
				168371E5284E64C500DB1712 /* NSData+Extention.swift in Sources */,
				16E4A9E028279CBB0061D6AC /* LocationManager.swift in Sources */,
				16CCA769284E13CD00A0B348 /* PHAsset+Extention.swift in Sources */,
				16CCA76B284E202100A0B348 /* String+Extention.swift in Sources */,
				16E4A9E52827BC300061D6AC /* RegionModel.swift in Sources */,
				16E4A9DD28279C670061D6AC /* RegionListViewController.swift in Sources */,
				160CBC4D2832C0CB00FAB688 /* ProductRegistrationViewController.swift in Sources */,
				16E4A9E32827BB9B0061D6AC /* AuthPhoneNumberViewController.swift in Sources */,
				16E4A9C5282798D90061D6AC /* AppDelegate.swift in Sources */,
				16CCA767284CF71700A0B348 /* ProductDetailViewController.swift in Sources */,
				161FCF542833BA6C0000A15C /* AddPhotosCollectionViewCell.swift in Sources */,
				169CF885284FA68F002A86BC /* ZoomImageViewController.swift in Sources */,
				16E4A9EC282910E40061D6AC /* UserModel.swift in Sources */,
				16B79CB52834220E0090420B /* FireStorageManager.swift in Sources */,
				16E4A9C7282798D90061D6AC /* SceneDelegate.swift in Sources */,
				161FCF5228338D9C0000A15C /* ProductListTableViewCell.swift in Sources */,
			);
			runOnlyForDeploymentPostprocessing = 0;
		};
/* End PBXSourcesBuildPhase section */

/* Begin PBXVariantGroup section */
		16E4A9CA282798D90061D6AC /* Tabbar.storyboard */ = {
			isa = PBXVariantGroup;
			children = (
				16E4A9CB282798D90061D6AC /* Base */,
			);
			name = Tabbar.storyboard;
			sourceTree = "<group>";
		};
		16E4A9CF282798DC0061D6AC /* LaunchScreen.storyboard */ = {
			isa = PBXVariantGroup;
			children = (
				16E4A9D0282798DC0061D6AC /* Base */,
			);
			name = LaunchScreen.storyboard;
			sourceTree = "<group>";
		};
/* End PBXVariantGroup section */

/* Begin XCBuildConfiguration section */
		16E4A9D3282798DC0061D6AC /* Debug */ = {
			isa = XCBuildConfiguration;
			buildSettings = {
				ALWAYS_SEARCH_USER_PATHS = NO;
				CLANG_ANALYZER_NONNULL = YES;
				CLANG_ANALYZER_NUMBER_OBJECT_CONVERSION = YES_AGGRESSIVE;
				CLANG_CXX_LANGUAGE_STANDARD = "gnu++17";
				CLANG_ENABLE_MODULES = YES;
				CLANG_ENABLE_OBJC_ARC = YES;
				CLANG_ENABLE_OBJC_WEAK = YES;
				CLANG_WARN_BLOCK_CAPTURE_AUTORELEASING = YES;
				CLANG_WARN_BOOL_CONVERSION = YES;
				CLANG_WARN_COMMA = YES;
				CLANG_WARN_CONSTANT_CONVERSION = YES;
				CLANG_WARN_DEPRECATED_OBJC_IMPLEMENTATIONS = YES;
				CLANG_WARN_DIRECT_OBJC_ISA_USAGE = YES_ERROR;
				CLANG_WARN_DOCUMENTATION_COMMENTS = YES;
				CLANG_WARN_EMPTY_BODY = YES;
				CLANG_WARN_ENUM_CONVERSION = YES;
				CLANG_WARN_INFINITE_RECURSION = YES;
				CLANG_WARN_INT_CONVERSION = YES;
				CLANG_WARN_NON_LITERAL_NULL_CONVERSION = YES;
				CLANG_WARN_OBJC_IMPLICIT_RETAIN_SELF = YES;
				CLANG_WARN_OBJC_LITERAL_CONVERSION = YES;
				CLANG_WARN_OBJC_ROOT_CLASS = YES_ERROR;
				CLANG_WARN_QUOTED_INCLUDE_IN_FRAMEWORK_HEADER = YES;
				CLANG_WARN_RANGE_LOOP_ANALYSIS = YES;
				CLANG_WARN_STRICT_PROTOTYPES = YES;
				CLANG_WARN_SUSPICIOUS_MOVE = YES;
				CLANG_WARN_UNGUARDED_AVAILABILITY = YES_AGGRESSIVE;
				CLANG_WARN_UNREACHABLE_CODE = YES;
				CLANG_WARN__DUPLICATE_METHOD_MATCH = YES;
				COPY_PHASE_STRIP = NO;
				DEBUG_INFORMATION_FORMAT = dwarf;
				ENABLE_STRICT_OBJC_MSGSEND = YES;
				ENABLE_TESTABILITY = YES;
				GCC_C_LANGUAGE_STANDARD = gnu11;
				GCC_DYNAMIC_NO_PIC = NO;
				GCC_NO_COMMON_BLOCKS = YES;
				GCC_OPTIMIZATION_LEVEL = 0;
				GCC_PREPROCESSOR_DEFINITIONS = (
					"DEBUG=1",
					"$(inherited)",
				);
				GCC_WARN_64_TO_32_BIT_CONVERSION = YES;
				GCC_WARN_ABOUT_RETURN_TYPE = YES_ERROR;
				GCC_WARN_UNDECLARED_SELECTOR = YES;
				GCC_WARN_UNINITIALIZED_AUTOS = YES_AGGRESSIVE;
				GCC_WARN_UNUSED_FUNCTION = YES;
				GCC_WARN_UNUSED_VARIABLE = YES;
				IPHONEOS_DEPLOYMENT_TARGET = 13.0;
				MTL_ENABLE_DEBUG_INFO = INCLUDE_SOURCE;
				MTL_FAST_MATH = YES;
				ONLY_ACTIVE_ARCH = YES;
				SDKROOT = iphoneos;
				SWIFT_ACTIVE_COMPILATION_CONDITIONS = DEBUG;
				SWIFT_OPTIMIZATION_LEVEL = "-Onone";
			};
			name = Debug;
		};
		16E4A9D4282798DC0061D6AC /* Release */ = {
			isa = XCBuildConfiguration;
			buildSettings = {
				ALWAYS_SEARCH_USER_PATHS = NO;
				CLANG_ANALYZER_NONNULL = YES;
				CLANG_ANALYZER_NUMBER_OBJECT_CONVERSION = YES_AGGRESSIVE;
				CLANG_CXX_LANGUAGE_STANDARD = "gnu++17";
				CLANG_ENABLE_MODULES = YES;
				CLANG_ENABLE_OBJC_ARC = YES;
				CLANG_ENABLE_OBJC_WEAK = YES;
				CLANG_WARN_BLOCK_CAPTURE_AUTORELEASING = YES;
				CLANG_WARN_BOOL_CONVERSION = YES;
				CLANG_WARN_COMMA = YES;
				CLANG_WARN_CONSTANT_CONVERSION = YES;
				CLANG_WARN_DEPRECATED_OBJC_IMPLEMENTATIONS = YES;
				CLANG_WARN_DIRECT_OBJC_ISA_USAGE = YES_ERROR;
				CLANG_WARN_DOCUMENTATION_COMMENTS = YES;
				CLANG_WARN_EMPTY_BODY = YES;
				CLANG_WARN_ENUM_CONVERSION = YES;
				CLANG_WARN_INFINITE_RECURSION = YES;
				CLANG_WARN_INT_CONVERSION = YES;
				CLANG_WARN_NON_LITERAL_NULL_CONVERSION = YES;
				CLANG_WARN_OBJC_IMPLICIT_RETAIN_SELF = YES;
				CLANG_WARN_OBJC_LITERAL_CONVERSION = YES;
				CLANG_WARN_OBJC_ROOT_CLASS = YES_ERROR;
				CLANG_WARN_QUOTED_INCLUDE_IN_FRAMEWORK_HEADER = YES;
				CLANG_WARN_RANGE_LOOP_ANALYSIS = YES;
				CLANG_WARN_STRICT_PROTOTYPES = YES;
				CLANG_WARN_SUSPICIOUS_MOVE = YES;
				CLANG_WARN_UNGUARDED_AVAILABILITY = YES_AGGRESSIVE;
				CLANG_WARN_UNREACHABLE_CODE = YES;
				CLANG_WARN__DUPLICATE_METHOD_MATCH = YES;
				COPY_PHASE_STRIP = NO;
				DEBUG_INFORMATION_FORMAT = "dwarf-with-dsym";
				ENABLE_NS_ASSERTIONS = NO;
				ENABLE_STRICT_OBJC_MSGSEND = YES;
				GCC_C_LANGUAGE_STANDARD = gnu11;
				GCC_NO_COMMON_BLOCKS = YES;
				GCC_WARN_64_TO_32_BIT_CONVERSION = YES;
				GCC_WARN_ABOUT_RETURN_TYPE = YES_ERROR;
				GCC_WARN_UNDECLARED_SELECTOR = YES;
				GCC_WARN_UNINITIALIZED_AUTOS = YES_AGGRESSIVE;
				GCC_WARN_UNUSED_FUNCTION = YES;
				GCC_WARN_UNUSED_VARIABLE = YES;
				IPHONEOS_DEPLOYMENT_TARGET = 13.0;
				MTL_ENABLE_DEBUG_INFO = NO;
				MTL_FAST_MATH = YES;
				SDKROOT = iphoneos;
				SWIFT_COMPILATION_MODE = wholemodule;
				SWIFT_OPTIMIZATION_LEVEL = "-O";
				VALIDATE_PRODUCT = YES;
			};
			name = Release;
		};
		16E4A9D6282798DC0061D6AC /* Debug */ = {
			isa = XCBuildConfiguration;
			baseConfigurationReference = 9C5B965DBDF2FA3875FD2F13 /* Pods-Danggeun_Clone.debug.xcconfig */;
			buildSettings = {
				ASSETCATALOG_COMPILER_APPICON_NAME = AppIcon;
				ASSETCATALOG_COMPILER_GLOBAL_ACCENT_COLOR_NAME = AccentColor;
				CODE_SIGN_ENTITLEMENTS = Danggeun_Clone/Danggeun_Clone.entitlements;
				CODE_SIGN_STYLE = Automatic;
				CURRENT_PROJECT_VERSION = 1;
				DEVELOPMENT_TEAM = U5MDQP9G89;
				GENERATE_INFOPLIST_FILE = YES;
				INFOPLIST_FILE = Danggeun_Clone/Info.plist;
				INFOPLIST_KEY_NSLocationAlwaysAndWhenInUseUsageDescription = 222;
				INFOPLIST_KEY_NSLocationWhenInUseUsageDescription = 111;
				INFOPLIST_KEY_UIApplicationSupportsIndirectInputEvents = YES;
				INFOPLIST_KEY_UILaunchStoryboardName = LaunchScreen;
				INFOPLIST_KEY_UISupportedInterfaceOrientations_iPad = "UIInterfaceOrientationPortrait UIInterfaceOrientationPortraitUpsideDown UIInterfaceOrientationLandscapeLeft UIInterfaceOrientationLandscapeRight";
				INFOPLIST_KEY_UISupportedInterfaceOrientations_iPhone = "UIInterfaceOrientationPortrait UIInterfaceOrientationLandscapeLeft UIInterfaceOrientationLandscapeRight";
				INFOPLIST_KEY_UIUserInterfaceStyle = Light;
				LD_RUNPATH_SEARCH_PATHS = (
					"$(inherited)",
					"@executable_path/Frameworks",
				);
				MARKETING_VERSION = 1.0;
				PRODUCT_BUNDLE_IDENTIFIER = "com.pkw.Danggeun-Clone";
				PRODUCT_NAME = "$(TARGET_NAME)";
				SWIFT_EMIT_LOC_STRINGS = YES;
				SWIFT_VERSION = 5.0;
				TARGETED_DEVICE_FAMILY = "1,2";
			};
			name = Debug;
		};
		16E4A9D7282798DC0061D6AC /* Release */ = {
			isa = XCBuildConfiguration;
			baseConfigurationReference = 47446A6A2C768BFBB8949F0C /* Pods-Danggeun_Clone.release.xcconfig */;
			buildSettings = {
				ASSETCATALOG_COMPILER_APPICON_NAME = AppIcon;
				ASSETCATALOG_COMPILER_GLOBAL_ACCENT_COLOR_NAME = AccentColor;
				CODE_SIGN_ENTITLEMENTS = Danggeun_Clone/Danggeun_Clone.entitlements;
				CODE_SIGN_STYLE = Automatic;
				CURRENT_PROJECT_VERSION = 1;
				DEVELOPMENT_TEAM = U5MDQP9G89;
				GENERATE_INFOPLIST_FILE = YES;
				INFOPLIST_FILE = Danggeun_Clone/Info.plist;
				INFOPLIST_KEY_NSLocationAlwaysAndWhenInUseUsageDescription = 222;
				INFOPLIST_KEY_NSLocationWhenInUseUsageDescription = 111;
				INFOPLIST_KEY_UIApplicationSupportsIndirectInputEvents = YES;
				INFOPLIST_KEY_UILaunchStoryboardName = LaunchScreen;
				INFOPLIST_KEY_UISupportedInterfaceOrientations_iPad = "UIInterfaceOrientationPortrait UIInterfaceOrientationPortraitUpsideDown UIInterfaceOrientationLandscapeLeft UIInterfaceOrientationLandscapeRight";
				INFOPLIST_KEY_UISupportedInterfaceOrientations_iPhone = "UIInterfaceOrientationPortrait UIInterfaceOrientationLandscapeLeft UIInterfaceOrientationLandscapeRight";
				INFOPLIST_KEY_UIUserInterfaceStyle = Light;
				LD_RUNPATH_SEARCH_PATHS = (
					"$(inherited)",
					"@executable_path/Frameworks",
				);
				MARKETING_VERSION = 1.0;
				PRODUCT_BUNDLE_IDENTIFIER = "com.pkw.Danggeun-Clone";
				PRODUCT_NAME = "$(TARGET_NAME)";
				SWIFT_EMIT_LOC_STRINGS = YES;
				SWIFT_VERSION = 5.0;
				TARGETED_DEVICE_FAMILY = "1,2";
			};
			name = Release;
		};
/* End XCBuildConfiguration section */

/* Begin XCConfigurationList section */
		16E4A9BC282798D90061D6AC /* Build configuration list for PBXProject "Danggeun_Clone" */ = {
			isa = XCConfigurationList;
			buildConfigurations = (
				16E4A9D3282798DC0061D6AC /* Debug */,
				16E4A9D4282798DC0061D6AC /* Release */,
			);
			defaultConfigurationIsVisible = 0;
			defaultConfigurationName = Release;
		};
		16E4A9D5282798DC0061D6AC /* Build configuration list for PBXNativeTarget "Danggeun_Clone" */ = {
			isa = XCConfigurationList;
			buildConfigurations = (
				16E4A9D6282798DC0061D6AC /* Debug */,
				16E4A9D7282798DC0061D6AC /* Release */,
			);
			defaultConfigurationIsVisible = 0;
			defaultConfigurationName = Release;
		};
/* End XCConfigurationList section */
	};
	rootObject = 16E4A9B9282798D90061D6AC /* Project object */;
}
